
Microsoft Visual Studio Solution File, Format Version 12.00
# Visual Studio Version 17
VisualStudioVersion = 17.8.34511.84
MinimumVisualStudioVersion = 10.0.40219.1
Project("{FAE04EC0-301F-11D3-BF4B-00C04F79EFBC}") = "PROG6221-POE-Part-2", "PROG6221-POE-Part-2.csproj", "{6DAB47C0-A693-4FA5-ACB3-6A1D93DC9FAE}"
EndProject
Global
	GlobalSection(SolutionConfigurationPlatforms) = preSolution
		Debug|Any CPU = Debug|Any CPU
		Release|Any CPU = Release|Any CPU
	EndGlobalSection
	GlobalSection(ProjectConfigurationPlatforms) = postSolution
		{6DAB47C0-A693-4FA5-ACB3-6A1D93DC9FAE}.Debug|Any CPU.ActiveCfg = Debug|Any CPU
		{6DAB47C0-A693-4FA5-ACB3-6A1D93DC9FAE}.Debug|Any CPU.Build.0 = Debug|Any CPU
		{6DAB47C0-A693-4FA5-ACB3-6A1D93DC9FAE}.Release|Any CPU.ActiveCfg = Release|Any CPU
		{6DAB47C0-A693-4FA5-ACB3-6A1D93DC9FAE}.Release|Any CPU.Build.0 = Release|Any CPU
	EndGlobalSection
	GlobalSection(SolutionProperties) = preSolution
		HideSolutionNode = FALSE
	EndGlobalSection
	GlobalSection(ExtensibilityGlobals) = postSolution
		SolutionGuid = {0A2F60DC-0146-4356-B5A9-CF1C1BC4B3DB}
	EndGlobalSection
EndGlobal
